// !$*UTF8*$!
{
	archiveVersion = 1;
	classes = {
	};
	objectVersion = 48;
	objects = {

/* Begin PBXBuildFile section */
		844F88CF1FCD215E001ECC0E /* ItemEntity+CoreDataClass.swift in Sources */ = {isa = PBXBuildFile; fileRef = 844F88CD1FCD215E001ECC0E /* ItemEntity+CoreDataClass.swift */; };
		844F88D01FCD215E001ECC0E /* ItemEntity+CoreDataProperties.swift in Sources */ = {isa = PBXBuildFile; fileRef = 844F88CE1FCD215E001ECC0E /* ItemEntity+CoreDataProperties.swift */; };
		844F88D31FCD285B001ECC0E /* Reachability .swift in Sources */ = {isa = PBXBuildFile; fileRef = 844F88D21FCD285B001ECC0E /* Reachability .swift */; };
		84553BC71FCC5DC100BA7331 /* Shared.swift in Sources */ = {isa = PBXBuildFile; fileRef = 84553BC61FCC5DC100BA7331 /* Shared.swift */; };
		84553BC91FCC601100BA7331 /* MainPageTableViewCell.swift in Sources */ = {isa = PBXBuildFile; fileRef = 84553BC81FCC601100BA7331 /* MainPageTableViewCell.swift */; };
		84553BCB1FCC615F00BA7331 /* Cache.swift in Sources */ = {isa = PBXBuildFile; fileRef = 84553BCA1FCC615F00BA7331 /* Cache.swift */; };
		84553BCD1FCC6E6B00BA7331 /* DetailedViewController.swift in Sources */ = {isa = PBXBuildFile; fileRef = 84553BCC1FCC6E6B00BA7331 /* DetailedViewController.swift */; };
		847280A11FCC45C6000644FA /* WebService.swift in Sources */ = {isa = PBXBuildFile; fileRef = 847280A01FCC45C6000644FA /* WebService.swift */; };
		847280A31FCC4656000644FA /* Constants.swift in Sources */ = {isa = PBXBuildFile; fileRef = 847280A21FCC4656000644FA /* Constants.swift */; };
		847280A61FCC46C9000644FA /* Protocols.swift in Sources */ = {isa = PBXBuildFile; fileRef = 847280A51FCC46C9000644FA /* Protocols.swift */; };
		847280A91FCC47B1000644FA /* Controller.swift in Sources */ = {isa = PBXBuildFile; fileRef = 847280A81FCC47B1000644FA /* Controller.swift */; };
		847280AC1FCC4A5B000644FA /* Item.swift in Sources */ = {isa = PBXBuildFile; fileRef = 847280AB1FCC4A5B000644FA /* Item.swift */; };
		847280AE1FCC4DAC000644FA /* WebConstants.swift in Sources */ = {isa = PBXBuildFile; fileRef = 847280AD1FCC4DAC000644FA /* WebConstants.swift */; };
		847634521FCC227400EAE6F4 /* AppDelegate.swift in Sources */ = {isa = PBXBuildFile; fileRef = 847634511FCC227400EAE6F4 /* AppDelegate.swift */; };
		847634541FCC227400EAE6F4 /* MainViewController.swift in Sources */ = {isa = PBXBuildFile; fileRef = 847634531FCC227400EAE6F4 /* MainViewController.swift */; };
		847634571FCC227400EAE6F4 /* Main.storyboard in Resources */ = {isa = PBXBuildFile; fileRef = 847634551FCC227400EAE6F4 /* Main.storyboard */; };
		8476345A1FCC227400EAE6F4 /* xiphiastecProject.xcdatamodeld in Sources */ = {isa = PBXBuildFile; fileRef = 847634581FCC227400EAE6F4 /* xiphiastecProject.xcdatamodeld */; };
		8476345F1FCC227400EAE6F4 /* LaunchScreen.storyboard in Resources */ = {isa = PBXBuildFile; fileRef = 8476345D1FCC227400EAE6F4 /* LaunchScreen.storyboard */; };
		8476346F1FCC25A800EAE6F4 /* Assets.xcassets in Resources */ = {isa = PBXBuildFile; fileRef = 8476346D1FCC25A800EAE6F4 /* Assets.xcassets */; };
		847634731FCC353000EAE6F4 /* ViewCustom.swift in Sources */ = {isa = PBXBuildFile; fileRef = 847634721FCC353000EAE6F4 /* ViewCustom.swift */; };
/* End PBXBuildFile section */

/* Begin PBXFileReference section */
		844F88CD1FCD215E001ECC0E /* ItemEntity+CoreDataClass.swift */ = {isa = PBXFileReference; lastKnownFileType = sourcecode.swift; path = "ItemEntity+CoreDataClass.swift"; sourceTree = "<group>"; };
		844F88CE1FCD215E001ECC0E /* ItemEntity+CoreDataProperties.swift */ = {isa = PBXFileReference; lastKnownFileType = sourcecode.swift; path = "ItemEntity+CoreDataProperties.swift"; sourceTree = "<group>"; };
		844F88D21FCD285B001ECC0E /* Reachability .swift */ = {isa = PBXFileReference; lastKnownFileType = sourcecode.swift; path = "Reachability .swift"; sourceTree = "<group>"; };
		84553BC61FCC5DC100BA7331 /* Shared.swift */ = {isa = PBXFileReference; lastKnownFileType = sourcecode.swift; path = Shared.swift; sourceTree = "<group>"; };
		84553BC81FCC601100BA7331 /* MainPageTableViewCell.swift */ = {isa = PBXFileReference; lastKnownFileType = sourcecode.swift; path = MainPageTableViewCell.swift; sourceTree = "<group>"; };
		84553BCA1FCC615F00BA7331 /* Cache.swift */ = {isa = PBXFileReference; lastKnownFileType = sourcecode.swift; path = Cache.swift; sourceTree = "<group>"; };
		84553BCC1FCC6E6B00BA7331 /* DetailedViewController.swift */ = {isa = PBXFileReference; lastKnownFileType = sourcecode.swift; path = DetailedViewController.swift; sourceTree = "<group>"; };
		847280A01FCC45C6000644FA /* WebService.swift */ = {isa = PBXFileReference; lastKnownFileType = sourcecode.swift; path = WebService.swift; sourceTree = "<group>"; };
		847280A21FCC4656000644FA /* Constants.swift */ = {isa = PBXFileReference; lastKnownFileType = sourcecode.swift; path = Constants.swift; sourceTree = "<group>"; };
		847280A51FCC46C9000644FA /* Protocols.swift */ = {isa = PBXFileReference; lastKnownFileType = sourcecode.swift; path = Protocols.swift; sourceTree = "<group>"; };
		847280A81FCC47B1000644FA /* Controller.swift */ = {isa = PBXFileReference; lastKnownFileType = sourcecode.swift; path = Controller.swift; sourceTree = "<group>"; };
		847280AB1FCC4A5B000644FA /* Item.swift */ = {isa = PBXFileReference; lastKnownFileType = sourcecode.swift; path = Item.swift; sourceTree = "<group>"; };
		847280AD1FCC4DAC000644FA /* WebConstants.swift */ = {isa = PBXFileReference; lastKnownFileType = sourcecode.swift; path = WebConstants.swift; sourceTree = "<group>"; };
		8476344E1FCC227400EAE6F4 /* xiphiastecProject.app */ = {isa = PBXFileReference; explicitFileType = wrapper.application; includeInIndex = 0; path = xiphiastecProject.app; sourceTree = BUILT_PRODUCTS_DIR; };
		847634511FCC227400EAE6F4 /* AppDelegate.swift */ = {isa = PBXFileReference; lastKnownFileType = sourcecode.swift; path = AppDelegate.swift; sourceTree = "<group>"; };
		847634531FCC227400EAE6F4 /* MainViewController.swift */ = {isa = PBXFileReference; lastKnownFileType = sourcecode.swift; path = MainViewController.swift; sourceTree = "<group>"; };
		847634561FCC227400EAE6F4 /* Base */ = {isa = PBXFileReference; lastKnownFileType = file.storyboard; name = Base; path = Base.lproj/Main.storyboard; sourceTree = "<group>"; };
		847634591FCC227400EAE6F4 /* xiphiastecProject.xcdatamodel */ = {isa = PBXFileReference; lastKnownFileType = wrapper.xcdatamodel; path = xiphiastecProject.xcdatamodel; sourceTree = "<group>"; };
		8476345E1FCC227400EAE6F4 /* Base */ = {isa = PBXFileReference; lastKnownFileType = file.storyboard; name = Base; path = Base.lproj/LaunchScreen.storyboard; sourceTree = "<group>"; };
		8476346D1FCC25A800EAE6F4 /* Assets.xcassets */ = {isa = PBXFileReference; lastKnownFileType = folder.assetcatalog; path = Assets.xcassets; sourceTree = "<group>"; };
		8476346E1FCC25A800EAE6F4 /* Info.plist */ = {isa = PBXFileReference; fileEncoding = 4; lastKnownFileType = text.plist.xml; path = Info.plist; sourceTree = "<group>"; };
		847634721FCC353000EAE6F4 /* ViewCustom.swift */ = {isa = PBXFileReference; lastKnownFileType = sourcecode.swift; path = ViewCustom.swift; sourceTree = "<group>"; };
/* End PBXFileReference section */

/* Begin PBXFrameworksBuildPhase section */
		8476344B1FCC227400EAE6F4 /* Frameworks */ = {
			isa = PBXFrameworksBuildPhase;
			buildActionMask = 2147483647;
			files = (
			);
			runOnlyForDeploymentPostprocessing = 0;
		};
/* End PBXFrameworksBuildPhase section */

/* Begin PBXGroup section */
		844F88D11FCD2184001ECC0E /* CoreData Files */ = {
			isa = PBXGroup;
			children = (
				844F88CD1FCD215E001ECC0E /* ItemEntity+CoreDataClass.swift */,
				844F88CE1FCD215E001ECC0E /* ItemEntity+CoreDataProperties.swift */,
			);
			name = "CoreData Files";
			sourceTree = "<group>";
		};
		847280A41FCC46B2000644FA /* Protocols */ = {
			isa = PBXGroup;
			children = (
				847280A51FCC46C9000644FA /* Protocols.swift */,
			);
			path = Protocols;
			sourceTree = "<group>";
		};
		847280A71FCC4785000644FA /* Controller */ = {
			isa = PBXGroup;
			children = (
				847280A81FCC47B1000644FA /* Controller.swift */,
			);
			path = Controller;
			sourceTree = "<group>";
		};
		847280AA1FCC4A4A000644FA /* Entities */ = {
			isa = PBXGroup;
			children = (
				847280AB1FCC4A5B000644FA /* Item.swift */,
			);
			path = Entities;
			sourceTree = "<group>";
		};
		847634451FCC227400EAE6F4 = {
			isa = PBXGroup;
			children = (
				844F88D11FCD2184001ECC0E /* CoreData Files */,
				847634501FCC227400EAE6F4 /* xiphiastecProject */,
				8476344F1FCC227400EAE6F4 /* Products */,
			);
			sourceTree = "<group>";
		};
		8476344F1FCC227400EAE6F4 /* Products */ = {
			isa = PBXGroup;
			children = (
				8476344E1FCC227400EAE6F4 /* xiphiastecProject.app */,
			);
			name = Products;
			sourceTree = "<group>";
		};
		847634501FCC227400EAE6F4 /* xiphiastecProject */ = {
			isa = PBXGroup;
			children = (
				8476346D1FCC25A800EAE6F4 /* Assets.xcassets */,
				8476346E1FCC25A800EAE6F4 /* Info.plist */,
				847634681FCC249C00EAE6F4 /* Views */,
				847634671FCC248500EAE6F4 /* Shared Files */,
				847634661FCC246B00EAE6F4 /* Data Manager */,
				847280A41FCC46B2000644FA /* Protocols */,
				847280A71FCC4785000644FA /* Controller */,
			);
			path = xiphiastecProject;
			sourceTree = "<group>";
		};
		847634661FCC246B00EAE6F4 /* Data Manager */ = {
			isa = PBXGroup;
			children = (
				847634581FCC227400EAE6F4 /* xiphiastecProject.xcdatamodeld */,
				847280A01FCC45C6000644FA /* WebService.swift */,
			);
			path = "Data Manager";
			sourceTree = "<group>";
		};
		847634671FCC248500EAE6F4 /* Shared Files */ = {
			isa = PBXGroup;
			children = (
				847634511FCC227400EAE6F4 /* AppDelegate.swift */,
				847280A21FCC4656000644FA /* Constants.swift */,
				847280AD1FCC4DAC000644FA /* WebConstants.swift */,
				84553BC61FCC5DC100BA7331 /* Shared.swift */,
				84553BCA1FCC615F00BA7331 /* Cache.swift */,
				844F88D21FCD285B001ECC0E /* Reachability .swift */,
			);
			path = "Shared Files";
			sourceTree = "<group>";
		};
		847634681FCC249C00EAE6F4 /* Views */ = {
			isa = PBXGroup;
			children = (
				847280AA1FCC4A4A000644FA /* Entities */,
				847634711FCC351400EAE6F4 /* Custom Classes */,
				8476346A1FCC24B300EAE6F4 /* Storyboard */,
				847634691FCC24A600EAE6F4 /* ViewController */,
			);
			path = Views;
			sourceTree = "<group>";
		};
		847634691FCC24A600EAE6F4 /* ViewController */ = {
			isa = PBXGroup;
			children = (
				847634531FCC227400EAE6F4 /* MainViewController.swift */,
				84553BCC1FCC6E6B00BA7331 /* DetailedViewController.swift */,
			);
			path = ViewController;
			sourceTree = "<group>";
		};
		8476346A1FCC24B300EAE6F4 /* Storyboard */ = {
			isa = PBXGroup;
			children = (
				847634551FCC227400EAE6F4 /* Main.storyboard */,
				8476345D1FCC227400EAE6F4 /* LaunchScreen.storyboard */,
			);
			path = Storyboard;
			sourceTree = "<group>";
		};
		847634711FCC351400EAE6F4 /* Custom Classes */ = {
			isa = PBXGroup;
			children = (
				847634721FCC353000EAE6F4 /* ViewCustom.swift */,
				84553BC81FCC601100BA7331 /* MainPageTableViewCell.swift */,
			);
			path = "Custom Classes";
			sourceTree = "<group>";
		};
/* End PBXGroup section */

/* Begin PBXNativeTarget section */
		8476344D1FCC227400EAE6F4 /* xiphiastecProject */ = {
			isa = PBXNativeTarget;
			buildConfigurationList = 847634631FCC227400EAE6F4 /* Build configuration list for PBXNativeTarget "xiphiastecProject" */;
			buildPhases = (
				8476344A1FCC227400EAE6F4 /* Sources */,
				8476344B1FCC227400EAE6F4 /* Frameworks */,
				8476344C1FCC227400EAE6F4 /* Resources */,
			);
			buildRules = (
			);
			dependencies = (
			);
			name = xiphiastecProject;
			productName = xiphiastecProject;
			productReference = 8476344E1FCC227400EAE6F4 /* xiphiastecProject.app */;
			productType = "com.apple.product-type.application";
		};
/* End PBXNativeTarget section */

/* Begin PBXProject section */
		847634461FCC227400EAE6F4 /* Project object */ = {
			isa = PBXProject;
			attributes = {
				LastSwiftUpdateCheck = 0900;
				LastUpgradeCheck = 0900;
				ORGANIZATIONNAME = Jeff;
				TargetAttributes = {
					8476344D1FCC227400EAE6F4 = {
						CreatedOnToolsVersion = 9.0;
						ProvisioningStyle = Automatic;
					};
				};
			};
			buildConfigurationList = 847634491FCC227400EAE6F4 /* Build configuration list for PBXProject "xiphiastecProject" */;
			compatibilityVersion = "Xcode 8.0";
			developmentRegion = en;
			hasScannedForEncodings = 0;
			knownRegions = (
				en,
				Base,
			);
			mainGroup = 847634451FCC227400EAE6F4;
			productRefGroup = 8476344F1FCC227400EAE6F4 /* Products */;
			projectDirPath = "";
			projectRoot = "";
			targets = (
				8476344D1FCC227400EAE6F4 /* xiphiastecProject */,
			);
		};
/* End PBXProject section */

/* Begin PBXResourcesBuildPhase section */
		8476344C1FCC227400EAE6F4 /* Resources */ = {
			isa = PBXResourcesBuildPhase;
			buildActionMask = 2147483647;
			files = (
				8476345F1FCC227400EAE6F4 /* LaunchScreen.storyboard in Resources */,
				8476346F1FCC25A800EAE6F4 /* Assets.xcassets in Resources */,
				847634571FCC227400EAE6F4 /* Main.storyboard in Resources */,
			);
			runOnlyForDeploymentPostprocessing = 0;
		};
/* End PBXResourcesBuildPhase section */

/* Begin PBXSourcesBuildPhase section */
		8476344A1FCC227400EAE6F4 /* Sources */ = {
			isa = PBXSourcesBuildPhase;
			buildActionMask = 2147483647;
			files = (
				84553BCD1FCC6E6B00BA7331 /* DetailedViewController.swift in Sources */,
				847634541FCC227400EAE6F4 /* MainViewController.swift in Sources */,
				847280AC1FCC4A5B000644FA /* Item.swift in Sources */,
				847634731FCC353000EAE6F4 /* ViewCustom.swift in Sources */,
				84553BC71FCC5DC100BA7331 /* Shared.swift in Sources */,
				847280A61FCC46C9000644FA /* Protocols.swift in Sources */,
				847634521FCC227400EAE6F4 /* AppDelegate.swift in Sources */,
				84553BCB1FCC615F00BA7331 /* Cache.swift in Sources */,
				847280A11FCC45C6000644FA /* WebService.swift in Sources */,
				847280AE1FCC4DAC000644FA /* WebConstants.swift in Sources */,
				844F88CF1FCD215E001ECC0E /* ItemEntity+CoreDataClass.swift in Sources */,
				8476345A1FCC227400EAE6F4 /* xiphiastecProject.xcdatamodeld in Sources */,
				847280A31FCC4656000644FA /* Constants.swift in Sources */,
				844F88D01FCD215E001ECC0E /* ItemEntity+CoreDataProperties.swift in Sources */,
				844F88D31FCD285B001ECC0E /* Reachability .swift in Sources */,
				847280A91FCC47B1000644FA /* Controller.swift in Sources */,
				84553BC91FCC601100BA7331 /* MainPageTableViewCell.swift in Sources */,
			);
			runOnlyForDeploymentPostprocessing = 0;
		};
/* End PBXSourcesBuildPhase section */

/* Begin PBXVariantGroup section */
		847634551FCC227400EAE6F4 /* Main.storyboard */ = {
			isa = PBXVariantGroup;
			children = (
				847634561FCC227400EAE6F4 /* Base */,
			);
			name = Main.storyboard;
			sourceTree = "<group>";
		};
		8476345D1FCC227400EAE6F4 /* LaunchScreen.storyboard */ = {
			isa = PBXVariantGroup;
			children = (
				8476345E1FCC227400EAE6F4 /* Base */,
			);
			name = LaunchScreen.storyboard;
			sourceTree = "<group>";
		};
/* End PBXVariantGroup section */

/* Begin XCBuildConfiguration section */
		847634611FCC227400EAE6F4 /* Debug */ = {
			isa = XCBuildConfiguration;
			buildSettings = {
				ALWAYS_SEARCH_USER_PATHS = NO;
				CLANG_ANALYZER_NONNULL = YES;
				CLANG_ANALYZER_NUMBER_OBJECT_CONVERSION = YES_AGGRESSIVE;
				CLANG_CXX_LANGUAGE_STANDARD = "gnu++14";
				CLANG_CXX_LIBRARY = "libc++";
				CLANG_ENABLE_MODULES = YES;
				CLANG_ENABLE_OBJC_ARC = YES;
				CLANG_WARN_BLOCK_CAPTURE_AUTORELEASING = YES;
				CLANG_WARN_BOOL_CONVERSION = YES;
				CLANG_WARN_COMMA = YES;
				CLANG_WARN_CONSTANT_CONVERSION = YES;
				CLANG_WARN_DIRECT_OBJC_ISA_USAGE = YES_ERROR;
				CLANG_WARN_DOCUMENTATION_COMMENTS = YES;
				CLANG_WARN_EMPTY_BODY = YES;
				CLANG_WARN_ENUM_CONVERSION = YES;
				CLANG_WARN_INFINITE_RECURSION = YES;
				CLANG_WARN_INT_CONVERSION = YES;
				CLANG_WARN_NON_LITERAL_NULL_CONVERSION = YES;
				CLANG_WARN_OBJC_LITERAL_CONVERSION = YES;
				CLANG_WARN_OBJC_ROOT_CLASS = YES_ERROR;
				CLANG_WARN_RANGE_LOOP_ANALYSIS = YES;
				CLANG_WARN_STRICT_PROTOTYPES = YES;
				CLANG_WARN_SUSPICIOUS_MOVE = YES;
				CLANG_WARN_UNGUARDED_AVAILABILITY = YES_AGGRESSIVE;
				CLANG_WARN_UNREACHABLE_CODE = YES;
				CLANG_WARN__DUPLICATE_METHOD_MATCH = YES;
				CODE_SIGN_IDENTITY = "iPhone Developer";
				COPY_PHASE_STRIP = NO;
				DEBUG_INFORMATION_FORMAT = dwarf;
				ENABLE_STRICT_OBJC_MSGSEND = YES;
				ENABLE_TESTABILITY = YES;
				GCC_C_LANGUAGE_STANDARD = gnu11;
				GCC_DYNAMIC_NO_PIC = NO;
				GCC_NO_COMMON_BLOCKS = YES;
				GCC_OPTIMIZATION_LEVEL = 0;
				GCC_PREPROCESSOR_DEFINITIONS = (
					"DEBUG=1",
					"$(inherited)",
				);
				GCC_WARN_64_TO_32_BIT_CONVERSION = YES;
				GCC_WARN_ABOUT_RETURN_TYPE = YES_ERROR;
				GCC_WARN_UNDECLARED_SELECTOR = YES;
				GCC_WARN_UNINITIALIZED_AUTOS = YES_AGGRESSIVE;
				GCC_WARN_UNUSED_FUNCTION = YES;
				GCC_WARN_UNUSED_VARIABLE = YES;
				IPHONEOS_DEPLOYMENT_TARGET = 11.0;
				MTL_ENABLE_DEBUG_INFO = YES;
				ONLY_ACTIVE_ARCH = YES;
				SDKROOT = iphoneos;
				SWIFT_ACTIVE_COMPILATION_CONDITIONS = DEBUG;
				SWIFT_OPTIMIZATION_LEVEL = "-Onone";
			};
			name = Debug;
		};
		847634621FCC227400EAE6F4 /* Release */ = {
			isa = XCBuildConfiguration;
			buildSettings = {
				ALWAYS_SEARCH_USER_PATHS = NO;
				CLANG_ANALYZER_NONNULL = YES;
				CLANG_ANALYZER_NUMBER_OBJECT_CONVERSION = YES_AGGRESSIVE;
				CLANG_CXX_LANGUAGE_STANDARD = "gnu++14";
				CLANG_CXX_LIBRARY = "libc++";
				CLANG_ENABLE_MODULES = YES;
				CLANG_ENABLE_OBJC_ARC = YES;
				CLANG_WARN_BLOCK_CAPTURE_AUTORELEASING = YES;
				CLANG_WARN_BOOL_CONVERSION = YES;
				CLANG_WARN_COMMA = YES;
				CLANG_WARN_CONSTANT_CONVERSION = YES;
				CLANG_WARN_DIRECT_OBJC_ISA_USAGE = YES_ERROR;
				CLANG_WARN_DOCUMENTATION_COMMENTS = YES;
				CLANG_WARN_EMPTY_BODY = YES;
				CLANG_WARN_ENUM_CONVERSION = YES;
				CLANG_WARN_INFINITE_RECURSION = YES;
				CLANG_WARN_INT_CONVERSION = YES;
				CLANG_WARN_NON_LITERAL_NULL_CONVERSION = YES;
				CLANG_WARN_OBJC_LITERAL_CONVERSION = YES;
				CLANG_WARN_OBJC_ROOT_CLASS = YES_ERROR;
				CLANG_WARN_RANGE_LOOP_ANALYSIS = YES;
				CLANG_WARN_STRICT_PROTOTYPES = YES;
				CLANG_WARN_SUSPICIOUS_MOVE = YES;
				CLANG_WARN_UNGUARDED_AVAILABILITY = YES_AGGRESSIVE;
				CLANG_WARN_UNREACHABLE_CODE = YES;
				CLANG_WARN__DUPLICATE_METHOD_MATCH = YES;
				CODE_SIGN_IDENTITY = "iPhone Developer";
				COPY_PHASE_STRIP = NO;
				DEBUG_INFORMATION_FORMAT = "dwarf-with-dsym";
				ENABLE_NS_ASSERTIONS = NO;
				ENABLE_STRICT_OBJC_MSGSEND = YES;
				GCC_C_LANGUAGE_STANDARD = gnu11;
				GCC_NO_COMMON_BLOCKS = YES;
				GCC_WARN_64_TO_32_BIT_CONVERSION = YES;
				GCC_WARN_ABOUT_RETURN_TYPE = YES_ERROR;
				GCC_WARN_UNDECLARED_SELECTOR = YES;
				GCC_WARN_UNINITIALIZED_AUTOS = YES_AGGRESSIVE;
				GCC_WARN_UNUSED_FUNCTION = YES;
				GCC_WARN_UNUSED_VARIABLE = YES;
				IPHONEOS_DEPLOYMENT_TARGET = 11.0;
				MTL_ENABLE_DEBUG_INFO = NO;
				SDKROOT = iphoneos;
				SWIFT_OPTIMIZATION_LEVEL = "-Owholemodule";
				VALIDATE_PRODUCT = YES;
			};
			name = Release;
		};
		847634641FCC227400EAE6F4 /* Debug */ = {
			isa = XCBuildConfiguration;
			buildSettings = {
				CODE_SIGN_STYLE = Automatic;
				INFOPLIST_FILE = xiphiastecProject/Info.plist;
				LD_RUNPATH_SEARCH_PATHS = "$(inherited) @executable_path/Frameworks";
				PRODUCT_BUNDLE_IDENTIFIER = com.jeff.xiphiastecProject;
				PRODUCT_NAME = "$(TARGET_NAME)";
				SWIFT_VERSION = 4.0;
				TARGETED_DEVICE_FAMILY = "1,2";
			};
			name = Debug;
		};
		847634651FCC227400EAE6F4 /* Release */ = {
			isa = XCBuildConfiguration;
			buildSettings = {
				CODE_SIGN_STYLE = Automatic;
				INFOPLIST_FILE = xiphiastecProject/Info.plist;
				LD_RUNPATH_SEARCH_PATHS = "$(inherited) @executable_path/Frameworks";
				PRODUCT_BUNDLE_IDENTIFIER = com.jeff.xiphiastecProject;
				PRODUCT_NAME = "$(TARGET_NAME)";
				SWIFT_VERSION = 4.0;
				TARGETED_DEVICE_FAMILY = "1,2";
			};
			name = Release;
		};
/* End XCBuildConfiguration section */

/* Begin XCConfigurationList section */
		847634491FCC227400EAE6F4 /* Build configuration list for PBXProject "xiphiastecProject" */ = {
			isa = XCConfigurationList;
			buildConfigurations = (
				847634611FCC227400EAE6F4 /* Debug */,
				847634621FCC227400EAE6F4 /* Release */,
			);
			defaultConfigurationIsVisible = 0;
			defaultConfigurationName = Release;
		};
		847634631FCC227400EAE6F4 /* Build configuration list for PBXNativeTarget "xiphiastecProject" */ = {
			isa = XCConfigurationList;
			buildConfigurations = (
				847634641FCC227400EAE6F4 /* Debug */,
				847634651FCC227400EAE6F4 /* Release */,
			);
			defaultConfigurationIsVisible = 0;
			defaultConfigurationName = Release;
		};
/* End XCConfigurationList section */

/* Begin XCVersionGroup section */
		847634581FCC227400EAE6F4 /* xiphiastecProject.xcdatamodeld */ = {
			isa = XCVersionGroup;
			children = (
				847634591FCC227400EAE6F4 /* xiphiastecProject.xcdatamodel */,
			);
			currentVersion = 847634591FCC227400EAE6F4 /* xiphiastecProject.xcdatamodel */;
			path = xiphiastecProject.xcdatamodeld;
			sourceTree = "<group>";
			versionGroupType = wrapper.xcdatamodel;
		};
/* End XCVersionGroup section */
	};
	rootObject = 847634461FCC227400EAE6F4 /* Project object */;
}
